
Microsoft Visual Studio Solution File, Format Version 12.00
# Visual Studio Version 17
VisualStudioVersion = 17.2.32616.157
MinimumVisualStudioVersion = 10.0.40219.1
Project("{FAE04EC0-301F-11D3-BF4B-00C04F79EFBC}") = "ProjectASP.NET_14040", "ProjectASP.NET_14040.csproj", "{593C5966-122A-4623-BC49-325649B23398}"
EndProject
Global
	GlobalSection(SolutionConfigurationPlatforms) = preSolution
		Debug|Any CPU = Debug|Any CPU
		Release|Any CPU = Release|Any CPU
	EndGlobalSection
	GlobalSection(ProjectConfigurationPlatforms) = postSolution
		{593C5966-122A-4623-BC49-325649B23398}.Debug|Any CPU.ActiveCfg = Debug|Any CPU
		{593C5966-122A-4623-BC49-325649B23398}.Debug|Any CPU.Build.0 = Debug|Any CPU
		{593C5966-122A-4623-BC49-325649B23398}.Release|Any CPU.ActiveCfg = Release|Any CPU
		{593C5966-122A-4623-BC49-325649B23398}.Release|Any CPU.Build.0 = Release|Any CPU
	EndGlobalSection
	GlobalSection(SolutionProperties) = preSolution
		HideSolutionNode = FALSE
	EndGlobalSection
	GlobalSection(ExtensibilityGlobals) = postSolution
		SolutionGuid = {B1929A30-D440-40B6-92F4-CBADD70BE078}
	EndGlobalSection
EndGlobal
